
Microsoft Visual Studio Solution File, Format Version 12.00
# Visual Studio 15
VisualStudioVersion = 15.0.27130.2010
MinimumVisualStudioVersion = 10.0.40219.1
Project("{E53339B2-1760-4266-BCC7-CA923CBCF16C}") = "docker-compose", "docker-compose.dcproj", "{27EDB670-89E0-400B-A5B9-7719423C6E16}"
EndProject
Project("{9A19103F-16F7-4668-BE54-9A1E7A4F7556}") = "Api", "Api\Api.csproj", "{8E2CEC1A-E7C7-4600-B808-C3111DECCD8F}"
EndProject
Project("{9A19103F-16F7-4668-BE54-9A1E7A4F7556}") = "WebMVC", "WebMVC\WebMVC.csproj", "{8BD357D1-02D9-4E04-9E8C-51B02B329A17}"
EndProject
Project("{2150E333-8FDC-42A3-9474-1A3956D46DE8}") = ".circleci", ".circleci", "{C8DFAFD8-C458-4554-8D6F-4122B0A28F93}"
	ProjectSection(SolutionItems) = preProject
		.circleci\config.yml = .circleci\config.yml
	EndProjectSection
EndProject
Project("{FAE04EC0-301F-11D3-BF4B-00C04F79EFBC}") = "Api.Tests", "Api.Tests\Api.Tests.csproj", "{5B9D785F-C4C4-42EB-B494-D9ACC5CF53AC}"
EndProject
Global
	GlobalSection(SolutionConfigurationPlatforms) = preSolution
		Debug|Any CPU = Debug|Any CPU
		Release|Any CPU = Release|Any CPU
	EndGlobalSection
	GlobalSection(ProjectConfigurationPlatforms) = postSolution
		{27EDB670-89E0-400B-A5B9-7719423C6E16}.Debug|Any CPU.ActiveCfg = Debug|Any CPU
		{27EDB670-89E0-400B-A5B9-7719423C6E16}.Debug|Any CPU.Build.0 = Debug|Any CPU
		{27EDB670-89E0-400B-A5B9-7719423C6E16}.Release|Any CPU.ActiveCfg = Release|Any CPU
		{27EDB670-89E0-400B-A5B9-7719423C6E16}.Release|Any CPU.Build.0 = Release|Any CPU
		{8E2CEC1A-E7C7-4600-B808-C3111DECCD8F}.Debug|Any CPU.ActiveCfg = Debug|Any CPU
		{8E2CEC1A-E7C7-4600-B808-C3111DECCD8F}.Debug|Any CPU.Build.0 = Debug|Any CPU
		{8E2CEC1A-E7C7-4600-B808-C3111DECCD8F}.Release|Any CPU.ActiveCfg = Release|Any CPU
		{8E2CEC1A-E7C7-4600-B808-C3111DECCD8F}.Release|Any CPU.Build.0 = Release|Any CPU
		{8BD357D1-02D9-4E04-9E8C-51B02B329A17}.Debug|Any CPU.ActiveCfg = Debug|Any CPU
		{8BD357D1-02D9-4E04-9E8C-51B02B329A17}.Debug|Any CPU.Build.0 = Debug|Any CPU
		{8BD357D1-02D9-4E04-9E8C-51B02B329A17}.Release|Any CPU.ActiveCfg = Release|Any CPU
		{8BD357D1-02D9-4E04-9E8C-51B02B329A17}.Release|Any CPU.Build.0 = Release|Any CPU
		{5B9D785F-C4C4-42EB-B494-D9ACC5CF53AC}.Debug|Any CPU.ActiveCfg = Debug|Any CPU
		{5B9D785F-C4C4-42EB-B494-D9ACC5CF53AC}.Debug|Any CPU.Build.0 = Debug|Any CPU
		{5B9D785F-C4C4-42EB-B494-D9ACC5CF53AC}.Release|Any CPU.ActiveCfg = Release|Any CPU
		{5B9D785F-C4C4-42EB-B494-D9ACC5CF53AC}.Release|Any CPU.Build.0 = Release|Any CPU
	EndGlobalSection
	GlobalSection(SolutionProperties) = preSolution
		HideSolutionNode = FALSE
	EndGlobalSection
	GlobalSection(ExtensibilityGlobals) = postSolution
		SolutionGuid = {0779947C-72AA-4020-9EB5-0328FC44FC99}
	EndGlobalSection
EndGlobal
